
Microsoft Visual Studio Solution File, Format Version 12.00
# Visual Studio 15
Project("{FAE04EC0-301F-11D3-BF4B-00C04F79EFBC}") = "Assembly-CSharp", "Assembly-CSharp.csproj", "{4AA7C3C4-35A2-657D-E94E-F551BB16F84D}"
EndProject
Project("{FAE04EC0-301F-11D3-BF4B-00C04F79EFBC}") = "Assembly-CSharp-Editor", "Assembly-CSharp-Editor.csproj", "{AC2655E7-C7E7-E58A-920D-1E589CE3DB86}"
EndProject
Global
	GlobalSection(SolutionConfigurationPlatforms) = preSolution
		Debug|Any CPU = Debug|Any CPU
		Release|Any CPU = Release|Any CPU
	EndGlobalSection
	GlobalSection(ProjectConfigurationPlatforms) = postSolution
		{4AA7C3C4-35A2-657D-E94E-F551BB16F84D}.Debug|Any CPU.ActiveCfg = Debug|Any CPU
		{4AA7C3C4-35A2-657D-E94E-F551BB16F84D}.Debug|Any CPU.Build.0 = Debug|Any CPU
		{4AA7C3C4-35A2-657D-E94E-F551BB16F84D}.Release|Any CPU.ActiveCfg = Release|Any CPU
		{4AA7C3C4-35A2-657D-E94E-F551BB16F84D}.Release|Any CPU.Build.0 = Release|Any CPU
		{AC2655E7-C7E7-E58A-920D-1E589CE3DB86}.Debug|Any CPU.ActiveCfg = Debug|Any CPU
		{AC2655E7-C7E7-E58A-920D-1E589CE3DB86}.Debug|Any CPU.Build.0 = Debug|Any CPU
		{AC2655E7-C7E7-E58A-920D-1E589CE3DB86}.Release|Any CPU.ActiveCfg = Release|Any CPU
		{AC2655E7-C7E7-E58A-920D-1E589CE3DB86}.Release|Any CPU.Build.0 = Release|Any CPU
	EndGlobalSection
	GlobalSection(SolutionProperties) = preSolution
		HideSolutionNode = FALSE
	EndGlobalSection
EndGlobal
